
Microsoft Visual Studio Solution File, Format Version 12.00
# Visual Studio Version 17
VisualStudioVersion = 17.14.36212.18 d17.14
MinimumVisualStudioVersion = 10.0.40219.1
Project("{8BC9CEB8-8B4A-11D0-8D11-00A0C91BC942}") = "comp-graphics-lab4", "comp-graphics-lab4\comp-graphics-lab4.vcxproj", "{37244EB5-6F32-4F05-993E-454B649D01C5}"
EndProject
Global
	GlobalSection(SolutionConfigurationPlatforms) = preSolution
		Debug|x64 = Debug|x64
		Debug|x86 = Debug|x86
		Release|x64 = Release|x64
		Release|x86 = Release|x86
	EndGlobalSection
	GlobalSection(ProjectConfigurationPlatforms) = postSolution
		{37244EB5-6F32-4F05-993E-454B649D01C5}.Debug|x64.ActiveCfg = Debug|x64
		{37244EB5-6F32-4F05-993E-454B649D01C5}.Debug|x64.Build.0 = Debug|x64
		{37244EB5-6F32-4F05-993E-454B649D01C5}.Debug|x86.ActiveCfg = Debug|Win32
		{37244EB5-6F32-4F05-993E-454B649D01C5}.Debug|x86.Build.0 = Debug|Win32
		{37244EB5-6F32-4F05-993E-454B649D01C5}.Release|x64.ActiveCfg = Release|x64
		{37244EB5-6F32-4F05-993E-454B649D01C5}.Release|x64.Build.0 = Release|x64
		{37244EB5-6F32-4F05-993E-454B649D01C5}.Release|x86.ActiveCfg = Release|Win32
		{37244EB5-6F32-4F05-993E-454B649D01C5}.Release|x86.Build.0 = Release|Win32
	EndGlobalSection
	GlobalSection(SolutionProperties) = preSolution
		HideSolutionNode = FALSE
	EndGlobalSection
	GlobalSection(ExtensibilityGlobals) = postSolution
		SolutionGuid = {3ECF4CEB-9BA1-4A8E-8014-9D5938A842CB}
	EndGlobalSection
EndGlobal
